[[package]]
name = "atomicwrites"
version = "1.3.0"
description = "Atomic file writes."
category = "dev"
optional = false
python-versions = ">=2.7, !=3.0.*, !=3.1.*, !=3.2.*, !=3.3.*"

[[package]]
name = "attrs"
version = "19.1.0"
description = "Classes Without Boilerplate"
category = "dev"
optional = false
python-versions = ">=2.7, !=3.0.*, !=3.1.*, !=3.2.*, !=3.3.*"

[package.extras]
dev = ["coverage", "hypothesis", "pre-commit", "pympler", "pytest", "six", "sphinx", "zope.interface"]
docs = ["sphinx", "zope.interface"]
tests = ["coverage", "hypothesis", "pympler", "pytest", "six", "zope.interface"]

[[package]]
name = "certifi"
version = "2022.12.7"
description = "Python package for providing Mozilla's CA Bundle."
category = "dev"
optional = false
python-versions = ">=3.6"

[[package]]
name = "chardet"
version = "3.0.4"
description = "Universal encoding detector for Python 2 and 3"
category = "dev"
optional = false
python-versions = "*"

[[package]]
name = "colorama"
version = "0.4.1"
description = "Cross-platform colored terminal text."
category = "dev"
optional = false
python-versions = ">=2.7, !=3.0.*, !=3.1.*, !=3.2.*, !=3.3.*"

[[package]]
name = "coverage"
version = "4.0.3"
description = "Code coverage measurement for Python"
category = "dev"
optional = false
python-versions = "*"

[[package]]
name = "django"
version = "2.1.7"
description = "A high-level Python Web framework that encourages rapid development and clean, pragmatic design."
category = "main"
optional = false
python-versions = ">=3.5"

[package.dependencies]
pytz = "*"

[package.extras]
argon2 = ["argon2-cffi (>=16.1.0)"]
bcrypt = ["bcrypt"]

[[package]]
name = "djangorestframework"
version = "3.9.2"
description = "Web APIs for Django, made easy."
category = "main"
optional = false
python-versions = ">=2.7, !=3.0.*, !=3.1.*, !=3.2.*, !=3.3.*"

[[package]]
name = "idna"
version = "2.8"
description = "Internationalized Domain Names in Applications (IDNA)"
category = "dev"
optional = false
python-versions = ">=2.7, !=3.0.*, !=3.1.*, !=3.2.*, !=3.3.*"

[[package]]
name = "json2html"
version = "1.2.1"
description = "JSON to HTML Table Representation"
category = "main"
optional = false
python-versions = "*"

[[package]]
name = "mock"
version = "2.0.0"
description = "Rolling backport of unittest.mock for all Pythons"
category = "dev"
optional = false
python-versions = "*"

[package.dependencies]
pbr = ">=0.11"
six = ">=1.9"

[package.extras]
docs = ["Pygments (<2)", "jinja2 (<2.7)", "sphinx", "sphinx (<1.3)"]
test = ["unittest2 (>=1.1.0)"]

[[package]]
name = "more-itertools"
version = "6.0.0"
description = "More routines for operating on iterables, beyond itertools"
category = "dev"
optional = false
python-versions = ">=3.4"

[[package]]
name = "pbr"
version = "5.1.3"
description = "Python Build Reasonableness"
category = "dev"
optional = false
python-versions = "*"

[[package]]
name = "pika"
version = "0.13.1"
description = "Pika Python AMQP Client Library"
category = "main"
optional = false
python-versions = "*"

[package.extras]
tornado = ["tornado"]
twisted = ["twisted"]

[[package]]
name = "pluggy"
version = "0.9.0"
description = "plugin and hook calling mechanisms for python"
category = "dev"
optional = false
python-versions = ">=2.7, !=3.0.*, !=3.1.*, !=3.2.*, !=3.3.*"

[package.extras]
dev = ["pre-commit", "tox"]

[[package]]
name = "psutil"
version = "5.6.1"
description = "Cross-platform lib for process and system monitoring in Python."
category = "main"
optional = false
python-versions = ">=2.6, !=3.0.*, !=3.1.*, !=3.2.*, !=3.3.*"

[package.extras]
enum = ["enum34"]

[[package]]
name = "py"
version = "1.8.0"
description = "library with cross-python path, ini-parsing, io, code, log facilities"
category = "dev"
optional = false
python-versions = ">=2.7, !=3.0.*, !=3.1.*, !=3.2.*, !=3.3.*"

[[package]]
name = "pytest"
version = "3.10.1"
description = "pytest: simple powerful testing with Python"
category = "dev"
optional = false
python-versions = ">=2.7, !=3.0.*, !=3.1.*, !=3.2.*, !=3.3.*"

[package.dependencies]
atomicwrites = ">=1.0"
attrs = ">=17.4.0"
colorama = {version = "*", markers = "sys_platform == \"win32\""}
more-itertools = ">=4.0.0"
pluggy = ">=0.7"
py = ">=1.5.0"
setuptools = "*"
six = ">=1.10.0"

[[package]]
name = "python-coveralls"
version = "2.9.1"
description = "Python interface to coveralls.io API"
category = "dev"
optional = false
python-versions = "*"

[package.dependencies]
coverage = "4.0.3"
PyYAML = "*"
requests = "*"
six = "*"

[[package]]
name = "pytz"
version = "2018.9"
description = "World timezone definitions, modern and historical"
category = "main"
optional = false
python-versions = "*"

[[package]]
name = "pyyaml"
version = "3.13"
description = "YAML parser and emitter for Python"
category = "dev"
optional = false
python-versions = "*"

[[package]]
name = "requests"
version = "2.21.0"
description = "Python HTTP for Humans."
category = "dev"
optional = false
python-versions = ">=2.7, !=3.0.*, !=3.1.*, !=3.2.*, !=3.3.*"

[package.dependencies]
certifi = ">=2017.4.17"
chardet = ">=3.0.2,<3.1.0"
idna = ">=2.5,<2.9"
urllib3 = ">=1.21.1,<1.25"

[package.extras]
security = ["cryptography (>=1.3.4)", "idna (>=2.0.0)", "pyOpenSSL (>=0.14)"]
socks = ["PySocks (>=1.5.6,!=1.5.7)", "win-inet-pton"]

[[package]]
name = "setuptools"
version = "59.6.0"
description = "Easily download, build, install, upgrade, and uninstall Python packages"
category = "main"
optional = false
python-versions = ">=3.6"

[package.extras]
docs = ["furo", "jaraco.packaging (>=8.2)", "jaraco.tidelift (>=1.4)", "pygments-github-lexers (==0.0.5)", "rst.linker (>=1.9)", "sphinx", "sphinx-inline-tabs", "sphinxcontrib-towncrier"]
testing = ["flake8-2020", "jaraco.envs (>=2.2)", "jaraco.path (>=3.2.0)", "mock", "paver", "pip (>=19.1)", "pytest (>=6)", "pytest-black (>=0.3.7)", "pytest-checkdocs (>=2.4)", "pytest-cov", "pytest-enabler (>=1.0.1)", "pytest-flake8", "pytest-mypy", "pytest-virtualenv (>=1.2.7)", "pytest-xdist", "sphinx", "virtualenv (>=13.0.0)", "wheel"]

[[package]]
name = "six"
version = "1.12.0"
description = "Python 2 and 3 compatibility utilities"
category = "dev"
optional = false
python-versions = ">=2.6, !=3.0.*, !=3.1.*"

[[package]]
name = "sphinx-bootstrap-theme"
version = "0.6.5"
description = "Sphinx Bootstrap Theme."
category = "main"
optional = false
python-versions = "*"

[package.dependencies]
setuptools = "*"

[[package]]
name = "urllib3"
version = "1.24.1"
description = "HTTP library with thread-safe connection pooling, file post, and more."
category = "dev"
optional = false
python-versions = ">=2.7, !=3.0.*, !=3.1.*, !=3.2.*, !=3.3.*, <4"

[package.extras]
secure = ["certifi", "cryptography (>=1.3.4)", "idna (>=2.0.0)", "ipaddress", "pyOpenSSL (>=0.14)"]
socks = ["PySocks (>=1.5.6,!=1.5.7,<2.0)"]

[metadata]
lock-version = "1.1"
python-versions = "^3.6.3"
content-hash = "ea1602920df496f57e2ab22906c38ecb1005a2f65e7483aa4a6aecb8539ac581"

[metadata.files]
atomicwrites = [
    {file = "atomicwrites-1.3.0-py2.py3-none-any.whl", hash = "sha256:03472c30eb2c5d1ba9227e4c2ca66ab8287fbfbbda3888aa93dc2e28fc6811b4"},
    {file = "atomicwrites-1.3.0.tar.gz", hash = "sha256:75a9445bac02d8d058d5e1fe689654ba5a6556a1dfd8ce6ec55a0ed79866cfa6"},
]
attrs = [
    {file = "attrs-19.1.0-py2.py3-none-any.whl", hash = "sha256:69c0dbf2ed392de1cb5ec704444b08a5ef81680a61cb899dc08127123af36a79"},
    {file = "attrs-19.1.0.tar.gz", hash = "sha256:f0b870f674851ecbfbbbd364d6b5cbdff9dcedbc7f3f5e18a6891057f21fe399"},
]
certifi = [
    {file = "certifi-2022.12.7-py3-none-any.whl", hash = "sha256:4ad3232f5e926d6718ec31cfc1fcadfde020920e278684144551c91769c7bc18"},
    {file = "certifi-2022.12.7.tar.gz", hash = "sha256:35824b4c3a97115964b408844d64aa14db1cc518f6562e8d7261699d1350a9e3"},
]
chardet = [
    {file = "chardet-3.0.4-py2.py3-none-any.whl", hash = "sha256:fc323ffcaeaed0e0a02bf4d117757b98aed530d9ed4531e3e15460124c106691"},
    {file = "chardet-3.0.4.tar.gz", hash = "sha256:84ab92ed1c4d4f16916e05906b6b75a6c0fb5db821cc65e70cbd64a3e2a5eaae"},
]
colorama = [
    {file = "colorama-0.4.1-py2.py3-none-any.whl", hash = "sha256:f8ac84de7840f5b9c4e3347b3c1eaa50f7e49c2b07596221daec5edaabbd7c48"},
    {file = "colorama-0.4.1.tar.gz", hash = "sha256:05eed71e2e327246ad6b38c540c4a3117230b19679b875190486ddd2d721422d"},
]
coverage = [
    {file = "coverage-4.0.3-cp26-none-macosx_10_10_x86_64.whl", hash = "sha256:6c2fd127cd4e2decb0ab41fe3ac2948b87ad2ea0470e24b4be5f7e7fdfef8df3"},
    {file = "coverage-4.0.3-cp26-none-win32.whl", hash = "sha256:0a90afa6f5ea08889da9066dca3ce2ef85d47587e3f66ca06a4fa8d3a0053acc"},
    {file = "coverage-4.0.3-cp26-none-win_amd64.whl", hash = "sha256:93c50475f189cd226e9688b9897a0cd3c4c5d9c90b1733fa8f6445cfc0182c51"},
    {file = "coverage-4.0.3-cp27-none-macosx_10_10_x86_64.whl", hash = "sha256:94c1e66610807a7917d967ed6415b9d5fde7487ab2a07bb5e054567865ef6ef0"},
    {file = "coverage-4.0.3-cp27-none-win32.whl", hash = "sha256:76a73a48a308fb87a4417d630b0345d36166f489ef17ea5aa8e4596fb50a2296"},
    {file = "coverage-4.0.3-cp27-none-win_amd64.whl", hash = "sha256:beb96d32ce8cfa47ec6433d95a33e4afaa97c19ac1b4a47ea40a424fedfee7c2"},
    {file = "coverage-4.0.3-cp33-cp33m-macosx_10_10_x86_64.whl", hash = "sha256:50727512afe77e044c7d7f2fd4cd0fe62b06527f965b335a810d956748e0514d"},
    {file = "coverage-4.0.3-cp33-none-win32.whl", hash = "sha256:c00bac0f6b35b82ace069a6a0d88e8fd4cd18d964fc5e47329cd02b212397fbe"},
    {file = "coverage-4.0.3-cp33-none-win_amd64.whl", hash = "sha256:e813cba9ff0e3d37ad31dc127fac85d23f9a26d0461ef8042ac4539b2045e781"},
    {file = "coverage-4.0.3-cp34-cp34m-macosx_10_10_x86_64.whl", hash = "sha256:964f86394cb4d0fd2bb40ffcddca321acf4323b48d1aa5a93db8b743c8a00f79"},
    {file = "coverage-4.0.3-cp34-none-win32.whl", hash = "sha256:d079e36baceea9707fd50b268305654151011274494a33c608c075808920eda8"},
    {file = "coverage-4.0.3-cp34-none-win_amd64.whl", hash = "sha256:8e60e720cad3ee6b0a32f475ae4040552c5623870a9ca0d3d4263faa89a8d96b"},
    {file = "coverage-4.0.3-cp35-cp35m-macosx_10_10_x86_64.whl", hash = "sha256:99043494b28d6460035dd9410269cdb437ee460edc7f96f07ab45c57ba95e651"},
    {file = "coverage-4.0.3-cp35-none-win32.whl", hash = "sha256:6ed521ed3800d8f8911642b9b3c3891780a929db5e572c88c4713c1032530f82"},
    {file = "coverage-4.0.3-cp35-none-win_amd64.whl", hash = "sha256:af2f59ce312523c384a7826821cae0b95f320fee1751387abba4f00eed737166"},
    {file = "coverage-4.0.3.tar.gz", hash = "sha256:85b1275b6d7a61ccc8024a4e9a4c9e896394776edce1a5d075ec116f91925462"},
    {file = "coverage-4.0.3.zip", hash = "sha256:00d464797a236f654337181af72b4baea3d35d056ca480e45e9163bb5df496b8"},
]
django = [
    {file = "Django-2.1.7-py3-none-any.whl", hash = "sha256:275bec66fd2588dd517ada59b8bfb23d4a9abc5a362349139ddda3c7ff6f5ade"},
    {file = "Django-2.1.7.tar.gz", hash = "sha256:939652e9d34d7d53d74d5d8ef82a19e5f8bb2de75618f7e5360691b6e9667963"},
]
djangorestframework = [
    {file = "djangorestframework-3.9.2-py2.py3-none-any.whl", hash = "sha256:8a435df9007c8b7d8e69a21ef06650e3c0cbe0d4b09e55dd1bd74c89a75a9fcd"},
    {file = "djangorestframework-3.9.2.tar.gz", hash = "sha256:f7a266260d656e1cf4ca54d7a7349609dc8af4fe2590edd0ecd7d7643ea94a17"},
]
idna = [
    {file = "idna-2.8-py2.py3-none-any.whl", hash = "sha256:ea8b7f6188e6fa117537c3df7da9fc686d485087abf6ac197f9c46432f7e4a3c"},
    {file = "idna-2.8.tar.gz", hash = "sha256:c357b3f628cf53ae2c4c05627ecc484553142ca23264e593d327bcde5e9c3407"},
]
json2html = [
    {file = "json2html-1.2.1.tar.gz", hash = "sha256:a6c9cdb4ae09db1fe37e895eb706cb8cafcbf30a168e806d9ce105f3839f0d70"},
]
mock = [
    {file = "mock-2.0.0-py2.py3-none-any.whl", hash = "sha256:5ce3c71c5545b472da17b72268978914d0252980348636840bd34a00b5cc96c1"},
    {file = "mock-2.0.0.tar.gz", hash = "sha256:b158b6df76edd239b8208d481dc46b6afd45a846b7812ff0ce58971cf5bc8bba"},
]
more-itertools = [
    {file = "more-itertools-6.0.0.tar.gz", hash = "sha256:590044e3942351a1bdb1de960b739ff4ce277960f2425ad4509446dbace8d9d1"},
    {file = "more_itertools-6.0.0-py3-none-any.whl", hash = "sha256:0125e8f60e9e031347105eb1682cef932f5e97d7b9a1a28d9bf00c22a5daef40"},
]
pbr = [
    {file = "pbr-5.1.3-py2.py3-none-any.whl", hash = "sha256:8257baf496c8522437e8a6cfe0f15e00aedc6c0e0e7c9d55eeeeab31e0853843"},
    {file = "pbr-5.1.3.tar.gz", hash = "sha256:8c361cc353d988e4f5b998555c88098b9d5964c2e11acf7b0d21925a66bb5824"},
]
pika = [
    {file = "pika-0.13.1-py2.py3-none-any.whl", hash = "sha256:b785e0d5f74a94781bd7d020862eb137d2b56cef2a21475aadbe5bcc8ec4db15"},
    {file = "pika-0.13.1.tar.gz", hash = "sha256:b0640085f1d6398fd47bb16a17713053e26578192821ea5d928772b8e6a28789"},
]
pluggy = [
    {file = "pluggy-0.9.0-py2.py3-none-any.whl", hash = "sha256:84d306a647cc805219916e62aab89caa97a33a1dd8c342e87a37f91073cd4746"},
    {file = "pluggy-0.9.0.tar.gz", hash = "sha256:19ecf9ce9db2fce065a7a0586e07cfb4ac8614fe96edf628a264b1c70116cf8f"},
]
psutil = [
    {file = "psutil-5.6.1-cp27-none-win32.whl", hash = "sha256:23e9cd90db94fbced5151eaaf9033ae9667c033dffe9e709da761c20138d25b6"},
    {file = "psutil-5.6.1-cp27-none-win_amd64.whl", hash = "sha256:e1494d20ffe7891d07d8cb9a8b306c1a38d48b13575265d090fc08910c56d474"},
    {file = "psutil-5.6.1-cp35-cp35m-win32.whl", hash = "sha256:ec4b4b638b84d42fc48139f9352f6c6587ee1018d55253542ee28db7480cc653"},
    {file = "psutil-5.6.1-cp35-cp35m-win_amd64.whl", hash = "sha256:c1fd45931889dc1812ba61a517630d126f6185f688eac1693171c6524901b7de"},
    {file = "psutil-5.6.1-cp36-cp36m-win32.whl", hash = "sha256:d463a142298112426ebd57351b45c39adb41341b91f033aa903fa4c6f76abecc"},
    {file = "psutil-5.6.1-cp36-cp36m-win_amd64.whl", hash = "sha256:9c3a768486194b4592c7ae9374faa55b37b9877fd9746fb4028cb0ac38fd4c60"},
    {file = "psutil-5.6.1-cp37-cp37m-win32.whl", hash = "sha256:27858d688a58cbfdd4434e1c40f6c79eb5014b709e725c180488ccdf2f721729"},
    {file = "psutil-5.6.1-cp37-cp37m-win_amd64.whl", hash = "sha256:354601a1d1a1322ae5920ba397c58d06c29728a15113598d1a8158647aaa5385"},
    {file = "psutil-5.6.1.tar.gz", hash = "sha256:fa0a570e0a30b9dd618bffbece590ae15726b47f9f1eaf7518dfb35f4d7dcd21"},
]
py = [
    {file = "py-1.8.0-py2.py3-none-any.whl", hash = "sha256:64f65755aee5b381cea27766a3a147c3f15b9b6b9ac88676de66ba2ae36793fa"},
    {file = "py-1.8.0.tar.gz", hash = "sha256:dc639b046a6e2cff5bbe40194ad65936d6ba360b52b3c3fe1d08a82dd50b5e53"},
]
pytest = [
    {file = "pytest-3.10.1-py2.py3-none-any.whl", hash = "sha256:3f193df1cfe1d1609d4c583838bea3d532b18d6160fd3f55c9447fdca30848ec"},
    {file = "pytest-3.10.1.tar.gz", hash = "sha256:e246cf173c01169b9617fc07264b7b1316e78d7a650055235d6d897bc80d9660"},
]
python-coveralls = [
    {file = "python-coveralls-2.9.1.tar.gz", hash = "sha256:736dda01f64beda240e1500d5f264b969495b05fcb325c7c0eb7ebbfd1210b70"},
    {file = "python_coveralls-2.9.1-py2.py3-none-any.whl", hash = "sha256:1748272081e0fc21e2c20c12e5bd18cb13272db1b130758df0d473da0cb31087"},
]
pytz = [
    {file = "pytz-2018.9-py2.py3-none-any.whl", hash = "sha256:32b0891edff07e28efe91284ed9c31e123d84bea3fd98e1f72be2508f43ef8d9"},
    {file = "pytz-2018.9.tar.gz", hash = "sha256:d5f05e487007e29e03409f9398d074e158d920d36eb82eaf66fb1136b0c5374c"},
]
pyyaml = [
    {file = "PyYAML-3.13-cp27-cp27m-win32.whl", hash = "sha256:d5eef459e30b09f5a098b9cea68bebfeb268697f78d647bd255a085371ac7f3f"},
    {file = "PyYAML-3.13-cp27-cp27m-win_amd64.whl", hash = "sha256:e01d3203230e1786cd91ccfdc8f8454c8069c91bee3962ad93b87a4b2860f537"},
    {file = "PyYAML-3.13-cp34-cp34m-win32.whl", hash = "sha256:558dd60b890ba8fd982e05941927a3911dc409a63dcb8b634feaa0cda69330d3"},
    {file = "PyYAML-3.13-cp34-cp34m-win_amd64.whl", hash = "sha256:d46d7982b62e0729ad0175a9bc7e10a566fc07b224d2c79fafb5e032727eaa04"},
    {file = "PyYAML-3.13-cp35-cp35m-win32.whl", hash = "sha256:a7c28b45d9f99102fa092bb213aa12e0aaf9a6a1f5e395d36166639c1f96c3a1"},
    {file = "PyYAML-3.13-cp35-cp35m-win_amd64.whl", hash = "sha256:bc558586e6045763782014934bfaf39d48b8ae85a2713117d16c39864085c613"},
    {file = "PyYAML-3.13-cp36-cp36m-win32.whl", hash = "sha256:40c71b8e076d0550b2e6380bada1f1cd1017b882f7e16f09a65be98e017f211a"},
    {file = "PyYAML-3.13-cp36-cp36m-win_amd64.whl", hash = "sha256:3d7da3009c0f3e783b2c873687652d83b1bbfd5c88e9813fb7e5b03c0dd3108b"},
    {file = "PyYAML-3.13-cp37-cp37m-win32.whl", hash = "sha256:e170a9e6fcfd19021dd29845af83bb79236068bf5fd4df3327c1be18182b2531"},
    {file = "PyYAML-3.13-cp37-cp37m-win_amd64.whl", hash = "sha256:aa7dd4a6a427aed7df6fb7f08a580d68d9b118d90310374716ae90b710280af1"},
    {file = "PyYAML-3.13.tar.gz", hash = "sha256:3ef3092145e9b70e3ddd2c7ad59bdd0252a94dfe3949721633e41344de00a6bf"},
]
requests = [
    {file = "requests-2.21.0-py2.py3-none-any.whl", hash = "sha256:7bf2a778576d825600030a110f3c0e3e8edc51dfaafe1c146e39a2027784957b"},
    {file = "requests-2.21.0.tar.gz", hash = "sha256:502a824f31acdacb3a35b6690b5fbf0bc41d63a24a45c4004352b0242707598e"},
]
setuptools = [
    {file = "setuptools-59.6.0-py3-none-any.whl", hash = "sha256:4ce92f1e1f8f01233ee9952c04f6b81d1e02939d6e1b488428154974a4d0783e"},
    {file = "setuptools-59.6.0.tar.gz", hash = "sha256:22c7348c6d2976a52632c67f7ab0cdf40147db7789f9aed18734643fe9cf3373"},
]
six = [
    {file = "six-1.12.0-py2.py3-none-any.whl", hash = "sha256:3350809f0555b11f552448330d0b52d5f24c91a322ea4a15ef22629740f3761c"},
    {file = "six-1.12.0.tar.gz", hash = "sha256:d16a0141ec1a18405cd4ce8b4613101da75da0e9a7aec5bdd4fa804d0e0eba73"},
]
sphinx-bootstrap-theme = [
    {file = "sphinx-bootstrap-theme-0.6.5.tar.gz", hash = "sha256:82936109a05b84029052e7efb1756161c3b4c27ae18512a90234d50fe608cba7"},
]
urllib3 = [
    {file = "urllib3-1.24.1-py2.py3-none-any.whl", hash = "sha256:61bf29cada3fc2fbefad4fdf059ea4bd1b4a86d2b6d15e1c7c0b582b9752fe39"},
    {file = "urllib3-1.24.1.tar.gz", hash = "sha256:de9529817c93f27c8ccbfead6985011db27bd0ddfcdb2d86f3f663385c6a9c22"},
]
